
Microsoft Visual Studio Solution File, Format Version 12.00
# Visual Studio Version 16
VisualStudioVersion = 16.0.30114.105
MinimumVisualStudioVersion = 10.0.40219.1
Project("{FAE04EC0-301F-11D3-BF4B-00C04F79EFBC}") = "Crdt.Sync.Server.Web", "Crdt.Sync.Server.Web\Crdt.Sync.Server.Web.csproj", "{CF1F753D-B9A9-4B99-8880-BD06218E79FE}"
EndProject
Global
	GlobalSection(SolutionConfigurationPlatforms) = preSolution
		Debug|Any CPU = Debug|Any CPU
		Release|Any CPU = Release|Any CPU
	EndGlobalSection
	GlobalSection(SolutionProperties) = preSolution
		HideSolutionNode = FALSE
	EndGlobalSection
	GlobalSection(ProjectConfigurationPlatforms) = postSolution
		{CF1F753D-B9A9-4B99-8880-BD06218E79FE}.Debug|Any CPU.ActiveCfg = Debug|Any CPU
		{CF1F753D-B9A9-4B99-8880-BD06218E79FE}.Debug|Any CPU.Build.0 = Debug|Any CPU
		{CF1F753D-B9A9-4B99-8880-BD06218E79FE}.Release|Any CPU.ActiveCfg = Release|Any CPU
		{CF1F753D-B9A9-4B99-8880-BD06218E79FE}.Release|Any CPU.Build.0 = Release|Any CPU
	EndGlobalSection
EndGlobal
